
Microsoft Visual Studio Solution File, Format Version 12.00
# Visual Studio Version 17
VisualStudioVersion = 17.2.32519.379
MinimumVisualStudioVersion = 10.0.40219.1
Project("{00D1A9C2-B5F0-4AF3-8072-F6C62B433612}") = "DB.ContactManager", "DB.ContactManager\DB.ContactManager.sqlproj", "{965D650D-430D-47F5-A72D-43CFB9C5F82A}"
EndProject
Project("{2150E333-8FDC-42A3-9474-1A3956D46DE8}") = "DataBase", "DataBase", "{47C25532-D288-45C2-BD77-A411E1891C86}"
EndProject
Project("{2150E333-8FDC-42A3-9474-1A3956D46DE8}") = "ASP-MVC", "ASP-MVC", "{D1D8C1B9-BB70-4D5B-98E7-25B5B8AC4E6C}"
EndProject
Project("{9A19103F-16F7-4668-BE54-9A1E7A4F7556}") = "ASP.ContactManager", "ASP.ContactManager\ASP.ContactManager.csproj", "{573C8221-D985-4A1A-9CFD-ED7DFE891ADB}"
EndProject
Project("{2150E333-8FDC-42A3-9474-1A3956D46DE8}") = "DAL", "DAL", "{D7EFC3B3-45DC-415F-9B10-D1E1456242D5}"
EndProject
Project("{2150E333-8FDC-42A3-9474-1A3956D46DE8}") = "BLL", "BLL", "{E8820634-CCE4-4439-829D-8A976340658B}"
EndProject
Project("{9A19103F-16F7-4668-BE54-9A1E7A4F7556}") = "DAL-Fake.ContactManager", "DAL-Fake.ContactManager\DAL-Fake.ContactManager.csproj", "{DE360F29-85A8-4EFC-BFC4-FEDE0C8B8D1F}"
EndProject
Project("{9A19103F-16F7-4668-BE54-9A1E7A4F7556}") = "BLL.ContactManager", "BLL.ContactManager\BLL.ContactManager.csproj", "{82218CBA-28B9-457D-8081-40482309FB5A}"
EndProject
Project("{2150E333-8FDC-42A3-9474-1A3956D46DE8}") = "COMMON", "COMMON", "{ECB29EC0-3FE9-40BF-91FA-9669738177A3}"
EndProject
Project("{9A19103F-16F7-4668-BE54-9A1E7A4F7556}") = "Common.ContactManager", "Common.ContactManager\Common.ContactManager.csproj", "{86998E27-2B39-4D0D-87C4-BFF2035B1409}"
EndProject
Project("{FAE04EC0-301F-11D3-BF4B-00C04F79EFBC}") = "DAL.ContactManager", "DAL.ContactManager\DAL.ContactManager.csproj", "{D73BD86B-81A0-45B7-B512-6926BF74CCEF}"
EndProject
Global
	GlobalSection(SolutionConfigurationPlatforms) = preSolution
		Debug|Any CPU = Debug|Any CPU
		Release|Any CPU = Release|Any CPU
	EndGlobalSection
	GlobalSection(ProjectConfigurationPlatforms) = postSolution
		{965D650D-430D-47F5-A72D-43CFB9C5F82A}.Debug|Any CPU.ActiveCfg = Debug|Any CPU
		{965D650D-430D-47F5-A72D-43CFB9C5F82A}.Debug|Any CPU.Build.0 = Debug|Any CPU
		{965D650D-430D-47F5-A72D-43CFB9C5F82A}.Debug|Any CPU.Deploy.0 = Debug|Any CPU
		{965D650D-430D-47F5-A72D-43CFB9C5F82A}.Release|Any CPU.ActiveCfg = Release|Any CPU
		{965D650D-430D-47F5-A72D-43CFB9C5F82A}.Release|Any CPU.Build.0 = Release|Any CPU
		{965D650D-430D-47F5-A72D-43CFB9C5F82A}.Release|Any CPU.Deploy.0 = Release|Any CPU
		{573C8221-D985-4A1A-9CFD-ED7DFE891ADB}.Debug|Any CPU.ActiveCfg = Debug|Any CPU
		{573C8221-D985-4A1A-9CFD-ED7DFE891ADB}.Debug|Any CPU.Build.0 = Debug|Any CPU
		{573C8221-D985-4A1A-9CFD-ED7DFE891ADB}.Release|Any CPU.ActiveCfg = Release|Any CPU
		{573C8221-D985-4A1A-9CFD-ED7DFE891ADB}.Release|Any CPU.Build.0 = Release|Any CPU
		{DE360F29-85A8-4EFC-BFC4-FEDE0C8B8D1F}.Debug|Any CPU.ActiveCfg = Debug|Any CPU
		{DE360F29-85A8-4EFC-BFC4-FEDE0C8B8D1F}.Debug|Any CPU.Build.0 = Debug|Any CPU
		{DE360F29-85A8-4EFC-BFC4-FEDE0C8B8D1F}.Release|Any CPU.ActiveCfg = Release|Any CPU
		{DE360F29-85A8-4EFC-BFC4-FEDE0C8B8D1F}.Release|Any CPU.Build.0 = Release|Any CPU
		{82218CBA-28B9-457D-8081-40482309FB5A}.Debug|Any CPU.ActiveCfg = Debug|Any CPU
		{82218CBA-28B9-457D-8081-40482309FB5A}.Debug|Any CPU.Build.0 = Debug|Any CPU
		{82218CBA-28B9-457D-8081-40482309FB5A}.Release|Any CPU.ActiveCfg = Release|Any CPU
		{82218CBA-28B9-457D-8081-40482309FB5A}.Release|Any CPU.Build.0 = Release|Any CPU
		{86998E27-2B39-4D0D-87C4-BFF2035B1409}.Debug|Any CPU.ActiveCfg = Debug|Any CPU
		{86998E27-2B39-4D0D-87C4-BFF2035B1409}.Debug|Any CPU.Build.0 = Debug|Any CPU
		{86998E27-2B39-4D0D-87C4-BFF2035B1409}.Release|Any CPU.ActiveCfg = Release|Any CPU
		{86998E27-2B39-4D0D-87C4-BFF2035B1409}.Release|Any CPU.Build.0 = Release|Any CPU
		{D73BD86B-81A0-45B7-B512-6926BF74CCEF}.Debug|Any CPU.ActiveCfg = Debug|Any CPU
		{D73BD86B-81A0-45B7-B512-6926BF74CCEF}.Debug|Any CPU.Build.0 = Debug|Any CPU
		{D73BD86B-81A0-45B7-B512-6926BF74CCEF}.Release|Any CPU.ActiveCfg = Release|Any CPU
		{D73BD86B-81A0-45B7-B512-6926BF74CCEF}.Release|Any CPU.Build.0 = Release|Any CPU
	EndGlobalSection
	GlobalSection(SolutionProperties) = preSolution
		HideSolutionNode = FALSE
	EndGlobalSection
	GlobalSection(NestedProjects) = preSolution
		{965D650D-430D-47F5-A72D-43CFB9C5F82A} = {47C25532-D288-45C2-BD77-A411E1891C86}
		{573C8221-D985-4A1A-9CFD-ED7DFE891ADB} = {D1D8C1B9-BB70-4D5B-98E7-25B5B8AC4E6C}
		{DE360F29-85A8-4EFC-BFC4-FEDE0C8B8D1F} = {D7EFC3B3-45DC-415F-9B10-D1E1456242D5}
		{82218CBA-28B9-457D-8081-40482309FB5A} = {E8820634-CCE4-4439-829D-8A976340658B}
		{86998E27-2B39-4D0D-87C4-BFF2035B1409} = {ECB29EC0-3FE9-40BF-91FA-9669738177A3}
		{D73BD86B-81A0-45B7-B512-6926BF74CCEF} = {D7EFC3B3-45DC-415F-9B10-D1E1456242D5}
	EndGlobalSection
	GlobalSection(ExtensibilityGlobals) = postSolution
		SolutionGuid = {B7DC614F-12CD-44AC-B8F0-EEA00C5E502D}
	EndGlobalSection
EndGlobal
